
Microsoft Visual Studio Solution File, Format Version 12.00
Project("{FAE04EC0-301F-11D3-BF4B-00C04F79EFBC}") = "Discord Bot", "Discord Bot\Discord Bot.csproj", "{4B3F0534-5316-469F-9820-EFE9BD8A37BD}"
EndProject
Project("{2150E333-8FDC-42A3-9474-1A3956D46DE8}") = "Solution Items", "Solution Items", "{1D49FFD1-643C-4ECD-BAEB-3B12A72F8CF2}"
	ProjectSection(SolutionItems) = preProject
		compose.yaml = compose.yaml
		.env = .env
	EndProjectSection
EndProject
Project("{FAE04EC0-301F-11D3-BF4B-00C04F79EFBC}") = "Core", "Core\Core.csproj", "{C2ED1225-03EF-42A6-BBBA-4A49F9E10129}"
EndProject
Project("{FAE04EC0-301F-11D3-BF4B-00C04F79EFBC}") = "Logic", "Logic\Logic.csproj", "{EE8318C9-46F0-4C9A-A813-B43A187B3854}"
EndProject
Global
	GlobalSection(SolutionConfigurationPlatforms) = preSolution
		Debug|Any CPU = Debug|Any CPU
		Release|Any CPU = Release|Any CPU
	EndGlobalSection
	GlobalSection(ProjectConfigurationPlatforms) = postSolution
		{4B3F0534-5316-469F-9820-EFE9BD8A37BD}.Debug|Any CPU.ActiveCfg = Debug|Any CPU
		{4B3F0534-5316-469F-9820-EFE9BD8A37BD}.Debug|Any CPU.Build.0 = Debug|Any CPU
		{4B3F0534-5316-469F-9820-EFE9BD8A37BD}.Release|Any CPU.ActiveCfg = Release|Any CPU
		{4B3F0534-5316-469F-9820-EFE9BD8A37BD}.Release|Any CPU.Build.0 = Release|Any CPU
		{C2ED1225-03EF-42A6-BBBA-4A49F9E10129}.Debug|Any CPU.ActiveCfg = Debug|Any CPU
		{C2ED1225-03EF-42A6-BBBA-4A49F9E10129}.Debug|Any CPU.Build.0 = Debug|Any CPU
		{C2ED1225-03EF-42A6-BBBA-4A49F9E10129}.Release|Any CPU.ActiveCfg = Release|Any CPU
		{C2ED1225-03EF-42A6-BBBA-4A49F9E10129}.Release|Any CPU.Build.0 = Release|Any CPU
		{EE8318C9-46F0-4C9A-A813-B43A187B3854}.Debug|Any CPU.ActiveCfg = Debug|Any CPU
		{EE8318C9-46F0-4C9A-A813-B43A187B3854}.Debug|Any CPU.Build.0 = Debug|Any CPU
		{EE8318C9-46F0-4C9A-A813-B43A187B3854}.Release|Any CPU.ActiveCfg = Release|Any CPU
		{EE8318C9-46F0-4C9A-A813-B43A187B3854}.Release|Any CPU.Build.0 = Release|Any CPU
	EndGlobalSection
EndGlobal
